
Microsoft Visual Studio Solution File, Format Version 12.00
# Visual Studio 15
VisualStudioVersion = 15.0.27703.2026
MinimumVisualStudioVersion = 10.0.40219.1
Project("{FAE04EC0-301F-11D3-BF4B-00C04F79EFBC}") = "PetShop", "PetShop\PetShop.csproj", "{CF812176-F4A1-4E87-83BC-AABF5611BCC5}"
EndProject
Global
	GlobalSection(SolutionConfigurationPlatforms) = preSolution
		Debug|Any CPU = Debug|Any CPU
		Release|Any CPU = Release|Any CPU
	EndGlobalSection
	GlobalSection(ProjectConfigurationPlatforms) = postSolution
		{CF812176-F4A1-4E87-83BC-AABF5611BCC5}.Debug|Any CPU.ActiveCfg = Debug|Any CPU
		{CF812176-F4A1-4E87-83BC-AABF5611BCC5}.Debug|Any CPU.Build.0 = Debug|Any CPU
		{CF812176-F4A1-4E87-83BC-AABF5611BCC5}.Release|Any CPU.ActiveCfg = Release|Any CPU
		{CF812176-F4A1-4E87-83BC-AABF5611BCC5}.Release|Any CPU.Build.0 = Release|Any CPU
	EndGlobalSection
	GlobalSection(SolutionProperties) = preSolution
		HideSolutionNode = FALSE
	EndGlobalSection
	GlobalSection(ExtensibilityGlobals) = postSolution
		SolutionGuid = {0B077858-9CFE-4210-8691-874F13E9AEA9}
	EndGlobalSection
EndGlobal
